
Microsoft Visual Studio Solution File, Format Version 12.00
Project("{FAE04EC0-301F-11D3-BF4B-00C04F79EFBC}") = "EW.Pets", "EW.Pets\EW.Pets.csproj", "{FCA31352-C204-48AA-9F9D-EFC09AF96601}"
EndProject
Global
	GlobalSection(SolutionConfigurationPlatforms) = preSolution
		Debug|Any CPU = Debug|Any CPU
		Release|Any CPU = Release|Any CPU
	EndGlobalSection
	GlobalSection(ProjectConfigurationPlatforms) = postSolution
		{FCA31352-C204-48AA-9F9D-EFC09AF96601}.Debug|Any CPU.ActiveCfg = Debug|Any CPU
		{FCA31352-C204-48AA-9F9D-EFC09AF96601}.Debug|Any CPU.Build.0 = Debug|Any CPU
		{FCA31352-C204-48AA-9F9D-EFC09AF96601}.Release|Any CPU.ActiveCfg = Release|Any CPU
		{FCA31352-C204-48AA-9F9D-EFC09AF96601}.Release|Any CPU.Build.0 = Release|Any CPU
	EndGlobalSection
EndGlobal
